<Solution>
  <Folder Name="/tests/">
    <Project Path="tests/Buildalyzer.Tests/Buildalyzer.Tests.csproj" />
    <Project Path="tests/Buildalyzer.Workspaces.Tests/Buildalyzer.Workspaces.Tests.csproj" />
  </Folder>
  <Project Path=".net.csproj" />
  <Project Path="src/Buildalyzer.Logger/Buildalyzer.Logger.csproj" />
  <Project Path="src/Buildalyzer.Workspaces/Buildalyzer.Workspaces.csproj" />
  <Project Path="src/Buildalyzer/Buildalyzer.csproj" />
</Solution>
